// !$*UTF8*$!
{
	archiveVersion = 1;
	classes = {
	};
	objectVersion = 56;
	objects = {

/* Begin PBXBuildFile section */
		390D71F02C961AF30090147D /* UpdateOption.swift in Sources */ = {isa = PBXBuildFile; fileRef = 390D71EF2C961AF30090147D /* UpdateOption.swift */; };
		390D71F32C962B040090147D /* CryptoGCM.swift in Sources */ = {isa = PBXBuildFile; fileRef = 390D71F22C962B040090147D /* CryptoGCM.swift */; };
		393E768E2C809FE700572A77 /* IntelligenceResponse.swift in Sources */ = {isa = PBXBuildFile; fileRef = 393E768D2C809FE700572A77 /* IntelligenceResponse.swift */; };
		395273772CFD994400193923 /* JailBrokenDetectorConst.swift in Sources */ = {isa = PBXBuildFile; fileRef = 395273762CFD994400193923 /* JailBrokenDetectorConst.swift */; };
		395273792CFDAC0E00193923 /* FileChecker.swift in Sources */ = {isa = PBXBuildFile; fileRef = 395273782CFDAC0E00193923 /* FileChecker.swift */; };
		39577E6C2CE4AE5700DCD69F /* Api.swift in Sources */ = {isa = PBXBuildFile; fileRef = 39577E6B2CE4AE5700DCD69F /* Api.swift */; };
		39577E6E2CE4AEC000DCD69F /* HeaderProvider.swift in Sources */ = {isa = PBXBuildFile; fileRef = 39577E6D2CE4AEC000DCD69F /* HeaderProvider.swift */; };
		39577E782CEE0A5F00DCD69F /* ProxyDetector.swift in Sources */ = {isa = PBXBuildFile; fileRef = 39577E772CEE0A5F00DCD69F /* ProxyDetector.swift */; };
		396356532C74BE9600405989 /* DeviceSignalsApiImpl.swift in Sources */ = {isa = PBXBuildFile; fileRef = 396356522C74BE9600405989 /* DeviceSignalsApiImpl.swift */; };
		396681362CF710AA00DF3306 /* RemoteAccessDetector.swift in Sources */ = {isa = PBXBuildFile; fileRef = 396681352CF710AA00DF3306 /* RemoteAccessDetector.swift */; };
		3966813A2CF730A300DF3306 /* FridaChecker.swift in Sources */ = {isa = PBXBuildFile; fileRef = 396681392CF730A300DF3306 /* FridaChecker.swift */; };
		397950EA2C7DC73E0043677B /* Utils.swift in Sources */ = {isa = PBXBuildFile; fileRef = 397950E92C7DC73E0043677B /* Utils.swift */; };
		397AF5392C92F0CF004F74D9 /* JailBrokenDetector.swift in Sources */ = {isa = PBXBuildFile; fileRef = 397AF5382C92F0CF004F74D9 /* JailBrokenDetector.swift */; };
		397AF53B2C92FA6F004F74D9 /* JailBrokenChecker.m in Sources */ = {isa = PBXBuildFile; fileRef = 397AF53A2C92FA6F004F74D9 /* JailBrokenChecker.m */; };
		397AF5422C9329A9004F74D9 /* AppTampering.swift in Sources */ = {isa = PBXBuildFile; fileRef = 397AF5412C9329A9004F74D9 /* AppTampering.swift */; };
		397CD2B52CF091ED00A0E398 /* HookingDetector.swift in Sources */ = {isa = PBXBuildFile; fileRef = 397CD2B42CF091ED00A0E398 /* HookingDetector.swift */; };
		3984B68E2C8E2B3B00EE992E /* Options.swift in Sources */ = {isa = PBXBuildFile; fileRef = 3984B68D2C8E2B3B00EE992E /* Options.swift */; };
		3984B6902C8E2C3000EE992E /* UserEventType.swift in Sources */ = {isa = PBXBuildFile; fileRef = 3984B68F2C8E2C3000EE992E /* UserEventType.swift */; };
		3984B6942C8E2C8100EE992E /* PhoneInputType.swift in Sources */ = {isa = PBXBuildFile; fileRef = 3984B6932C8E2C8100EE992E /* PhoneInputType.swift */; };
		3984B6962C8E2CD400EE992E /* OtpInputType.swift in Sources */ = {isa = PBXBuildFile; fileRef = 3984B6952C8E2CD400EE992E /* OtpInputType.swift */; };
		3984B6982C8E2D3F00EE992E /* Environment.swift in Sources */ = {isa = PBXBuildFile; fileRef = 3984B6972C8E2D3F00EE992E /* Environment.swift */; };
		398EB5AB2C63BC6A002FC9CA /* Sign3Intelligence.docc in Sources */ = {isa = PBXBuildFile; fileRef = 398EB5AA2C63BC6A002FC9CA /* Sign3Intelligence.docc */; };
		398EB5B12C63BC6B002FC9CA /* Sign3Intelligence.framework in Frameworks */ = {isa = PBXBuildFile; fileRef = 398EB5A62C63BC6A002FC9CA /* Sign3Intelligence.framework */; };
		398EB5B62C63BC6B002FC9CA /* Sign3IntelligenceTests.swift in Sources */ = {isa = PBXBuildFile; fileRef = 398EB5B52C63BC6B002FC9CA /* Sign3IntelligenceTests.swift */; };
		398EB5B72C63BC6B002FC9CA /* Sign3Intelligence.h in Headers */ = {isa = PBXBuildFile; fileRef = 398EB5A92C63BC6A002FC9CA /* Sign3Intelligence.h */; settings = {ATTRIBUTES = (Public, ); }; };
		398EB5C22C63BCAF002FC9CA /* DeviceSiganlsApi.swift in Sources */ = {isa = PBXBuildFile; fileRef = 398EB5C12C63BCAF002FC9CA /* DeviceSiganlsApi.swift */; };
		39C775492C8EFCB20006E042 /* VPNDetector.swift in Sources */ = {isa = PBXBuildFile; fileRef = 39C775482C8EFCB20006E042 /* VPNDetector.swift */; };
		39C7754B2C8F066C0006E042 /* Sign3IntelligenceSdkApi.swift in Sources */ = {isa = PBXBuildFile; fileRef = 39C7754A2C8F066C0006E042 /* Sign3IntelligenceSdkApi.swift */; };
		39C7754D2C8F06970006E042 /* Sign3IntelligenceSdkApiImpl.swift in Sources */ = {isa = PBXBuildFile; fileRef = 39C7754C2C8F06970006E042 /* Sign3IntelligenceSdkApiImpl.swift */; };
		39C775512C8F13B10006E042 /* SimulatorDetector.swift in Sources */ = {isa = PBXBuildFile; fileRef = 39C775502C8F13B10006E042 /* SimulatorDetector.swift */; };
		39C775532C8F2F470006E042 /* BaseKey.swift in Sources */ = {isa = PBXBuildFile; fileRef = 39C775522C8F2F470006E042 /* BaseKey.swift */; };
		39C775552C8F2FE90006E042 /* ProdKeyProvider.swift in Sources */ = {isa = PBXBuildFile; fileRef = 39C775542C8F2FE90006E042 /* ProdKeyProvider.swift */; };
		39C775572C8F320F0006E042 /* DevKeyProvider.swift in Sources */ = {isa = PBXBuildFile; fileRef = 39C775562C8F320F0006E042 /* DevKeyProvider.swift */; };
		39C775592C8F321C0006E042 /* StagingKeyProvider.swift in Sources */ = {isa = PBXBuildFile; fileRef = 39C775582C8F321C0006E042 /* StagingKeyProvider.swift */; };
		39CC8F6D2C7F59DD00239032 /* Sign3Intelligence.swift in Sources */ = {isa = PBXBuildFile; fileRef = 39CC8F6C2C7F59DD00239032 /* Sign3Intelligence.swift */; };
		39CC8F6F2C7F5D4D00239032 /* Sign3IntelligenceInternal.swift in Sources */ = {isa = PBXBuildFile; fileRef = 39CC8F6E2C7F5D4D00239032 /* Sign3IntelligenceInternal.swift */; };
		39CC8F782C7F63FE00239032 /* DataCreationService.swift in Sources */ = {isa = PBXBuildFile; fileRef = 39CC8F772C7F63FE00239032 /* DataCreationService.swift */; };
		39E164662D0AB58D001A7C53 /* CronTrigger.swift in Sources */ = {isa = PBXBuildFile; fileRef = 39E164652D0AB58D001A7C53 /* CronTrigger.swift */; };
		39E164682D0AB5FD001A7C53 /* ActionHandlerContinuousIntegrationImpl.swift in Sources */ = {isa = PBXBuildFile; fileRef = 39E164672D0AB5FD001A7C53 /* ActionHandlerContinuousIntegrationImpl.swift */; };
		39E1646A2D0AB68D001A7C53 /* ActionContextSource.swift in Sources */ = {isa = PBXBuildFile; fileRef = 39E164692D0AB68C001A7C53 /* ActionContextSource.swift */; };
		39E1646E2D0AF140001A7C53 /* HashData.swift in Sources */ = {isa = PBXBuildFile; fileRef = 39E1646D2D0AF140001A7C53 /* HashData.swift */; };
		39E164702D0AF25D001A7C53 /* DataHashUtil.swift in Sources */ = {isa = PBXBuildFile; fileRef = 39E1646F2D0AF25D001A7C53 /* DataHashUtil.swift */; };
		39E164722D0B0274001A7C53 /* GPSLocation.swift in Sources */ = {isa = PBXBuildFile; fileRef = 39E164712D0B0274001A7C53 /* GPSLocation.swift */; };
		39E164742D0B435E001A7C53 /* ActionContextEvent.swift in Sources */ = {isa = PBXBuildFile; fileRef = 39E164732D0B435E001A7C53 /* ActionContextEvent.swift */; };
		39E36C2B2C90839500625BE6 /* SimulatorChecker.m in Sources */ = {isa = PBXBuildFile; fileRef = 39E36C292C90839500625BE6 /* SimulatorChecker.m */; };
		39E36C2C2C90839500625BE6 /* Sign3PrivateHeader.h in Headers */ = {isa = PBXBuildFile; fileRef = 39E36C2A2C90839500625BE6 /* Sign3PrivateHeader.h */; settings = {ATTRIBUTES = (Private, ); }; };
		39E6BF5E2CF5F5BD0086203C /* ReverseEngineeringToolsChecker.swift in Sources */ = {isa = PBXBuildFile; fileRef = 39E6BF5D2CF5F5BD0086203C /* ReverseEngineeringToolsChecker.swift */; };
		39E6BF602CF60B9A0086203C /* HookingDetectorConst.swift in Sources */ = {isa = PBXBuildFile; fileRef = 39E6BF5F2CF60B9A0086203C /* HookingDetectorConst.swift */; };
		39E6BF622CF60FFB0086203C /* MSHookChecker.swift in Sources */ = {isa = PBXBuildFile; fileRef = 39E6BF612CF60FFB0086203C /* MSHookChecker.swift */; };
		39E738FE2C88826F002B24C8 /* Location.swift in Sources */ = {isa = PBXBuildFile; fileRef = 39E738FD2C88826F002B24C8 /* Location.swift */; };
		39E739002C888F16002B24C8 /* LocationDetector.swift in Sources */ = {isa = PBXBuildFile; fileRef = 39E738FF2C888F16002B24C8 /* LocationDetector.swift */; };
		39ED49012D0776C600584401 /* ConfigManager.swift in Sources */ = {isa = PBXBuildFile; fileRef = 39ED49002D0776C600584401 /* ConfigManager.swift */; };
		39ED49032D0776FD00584401 /* Config.swift in Sources */ = {isa = PBXBuildFile; fileRef = 39ED49022D0776FD00584401 /* Config.swift */; };
		39ED49052D07786000584401 /* Resource.swift in Sources */ = {isa = PBXBuildFile; fileRef = 39ED49042D07786000584401 /* Resource.swift */; };
		39ED49072D08309100584401 /* EventMetric.swift in Sources */ = {isa = PBXBuildFile; fileRef = 39ED49062D08309100584401 /* EventMetric.swift */; };
		39ED49092D083C6000584401 /* DataRequest.swift in Sources */ = {isa = PBXBuildFile; fileRef = 39ED49082D083C6000584401 /* DataRequest.swift */; };
		39ED490C2D083D9800584401 /* ClientParam.swift in Sources */ = {isa = PBXBuildFile; fileRef = 39ED490B2D083D9800584401 /* ClientParam.swift */; };
		39ED490E2D083E4A00584401 /* DeviceParam.swift in Sources */ = {isa = PBXBuildFile; fileRef = 39ED490D2D083E4A00584401 /* DeviceParam.swift */; };
		39ED49102D083F8E00584401 /* iOSDataRequest.swift in Sources */ = {isa = PBXBuildFile; fileRef = 39ED490F2D083F8E00584401 /* iOSDataRequest.swift */; };
		39ED49122D0841D000584401 /* iOSNetworkData.swift in Sources */ = {isa = PBXBuildFile; fileRef = 39ED49112D0841D000584401 /* iOSNetworkData.swift */; };
		39ED49142D0841FD00584401 /* NetworkLocation.swift in Sources */ = {isa = PBXBuildFile; fileRef = 39ED49132D0841FD00584401 /* NetworkLocation.swift */; };
		39ED49162D08424800584401 /* iOSDeviceRawData.swift in Sources */ = {isa = PBXBuildFile; fileRef = 39ED49152D08424800584401 /* iOSDeviceRawData.swift */; };
		39ED49182D08429100584401 /* iOSDeviceIDs.swift in Sources */ = {isa = PBXBuildFile; fileRef = 39ED49172D08429100584401 /* iOSDeviceIDs.swift */; };
		39ED491A2D08432A00584401 /* OsBuildRawData.swift in Sources */ = {isa = PBXBuildFile; fileRef = 39ED49192D08432A00584401 /* OsBuildRawData.swift */; };
		39ED491C2D0843E900584401 /* InstalledAppsRawData.swift in Sources */ = {isa = PBXBuildFile; fileRef = 39ED491B2D0843E900584401 /* InstalledAppsRawData.swift */; };
		39ED491E2D0844A500584401 /* HardwareFingerprintRawData.swift in Sources */ = {isa = PBXBuildFile; fileRef = 39ED491D2D0844A500584401 /* HardwareFingerprintRawData.swift */; };
		39ED49202D0846F200584401 /* DeviceStateRawData.swift in Sources */ = {isa = PBXBuildFile; fileRef = 39ED491F2D0846F200584401 /* DeviceStateRawData.swift */; };
		39ED492C2D08567200584401 /* IntelligenceError.swift in Sources */ = {isa = PBXBuildFile; fileRef = 39ED492B2D08567200584401 /* IntelligenceError.swift */; };
		39ED492E2D0856C600584401 /* ActionHandlerImpl.swift in Sources */ = {isa = PBXBuildFile; fileRef = 39ED492D2D0856C600584401 /* ActionHandlerImpl.swift */; };
		39ED49302D08A50900584401 /* IntelligenceResponseListener.swift in Sources */ = {isa = PBXBuildFile; fileRef = 39ED492F2D08A50900584401 /* IntelligenceResponseListener.swift */; };
		39F2999D2C995FBA00D896F2 /* LocationSpoffer.swift in Sources */ = {isa = PBXBuildFile; fileRef = 39F2999C2C995FBA00D896F2 /* LocationSpoffer.swift */; };
		39F2999F2C99A9F200D896F2 /* UserDefaultsManager.swift in Sources */ = {isa = PBXBuildFile; fileRef = 39F2999E2C99A9F200D896F2 /* UserDefaultsManager.swift */; };
		39F299A12C9C2CC500D896F2 /* DeviceSignalsFromObjectiveC.m in Sources */ = {isa = PBXBuildFile; fileRef = 39F299A02C9C2CC500D896F2 /* DeviceSignalsFromObjectiveC.m */; };
		39F299A32C9C3EDE00D896F2 /* Sign3PublicHeader.h in Headers */ = {isa = PBXBuildFile; fileRef = 39F299A22C9C3E2600D896F2 /* Sign3PublicHeader.h */; settings = {ATTRIBUTES = (Public, ); }; };
		797C73F32D12C8AF00C4B821 /* DeviceCheckData.swift in Sources */ = {isa = PBXBuildFile; fileRef = 797C73F22D12C8A700C4B821 /* DeviceCheckData.swift */; };
		79E86C932CFF4B8300A66FF5 /* Log.swift in Sources */ = {isa = PBXBuildFile; fileRef = 79E86C922CFF4B8300A66FF5 /* Log.swift */; };
		79EA04A52D26A88F00DF873D /* KeychainHelper 2.swift in Sources */ = {isa = PBXBuildFile; fileRef = 79EA04A42D26A88F00DF873D /* KeychainHelper 2.swift */; };
		79EA04AA2D26C50F00DF873D /* Mixpanel in Frameworks */ = {isa = PBXBuildFile; productRef = 79EA04A92D26C50F00DF873D /* Mixpanel */; };
		79EA04AC2D26C58E00DF873D /* RealmSwift in Frameworks */ = {isa = PBXBuildFile; productRef = 79EA04AB2D26C58E00DF873D /* RealmSwift */; };
/* End PBXBuildFile section */

/* Begin PBXContainerItemProxy section */
		398EB5B22C63BC6B002FC9CA /* PBXContainerItemProxy */ = {
			isa = PBXContainerItemProxy;
			containerPortal = 398EB59D2C63BC6A002FC9CA /* Project object */;
			proxyType = 1;
			remoteGlobalIDString = 398EB5A52C63BC6A002FC9CA;
			remoteInfo = Sign3Intelligence;
		};
/* End PBXContainerItemProxy section */

/* Begin PBXFileReference section */
		390D71EF2C961AF30090147D /* UpdateOption.swift */ = {isa = PBXFileReference; lastKnownFileType = sourcecode.swift; path = UpdateOption.swift; sourceTree = "<group>"; };
		390D71F22C962B040090147D /* CryptoGCM.swift */ = {isa = PBXFileReference; lastKnownFileType = sourcecode.swift; path = CryptoGCM.swift; sourceTree = "<group>"; };
		393E768D2C809FE700572A77 /* IntelligenceResponse.swift */ = {isa = PBXFileReference; lastKnownFileType = sourcecode.swift; path = IntelligenceResponse.swift; sourceTree = "<group>"; };
		395273762CFD994400193923 /* JailBrokenDetectorConst.swift */ = {isa = PBXFileReference; lastKnownFileType = sourcecode.swift; path = JailBrokenDetectorConst.swift; sourceTree = "<group>"; };
		395273782CFDAC0E00193923 /* FileChecker.swift */ = {isa = PBXFileReference; lastKnownFileType = sourcecode.swift; path = FileChecker.swift; sourceTree = "<group>"; };
		39577E6B2CE4AE5700DCD69F /* Api.swift */ = {isa = PBXFileReference; lastKnownFileType = sourcecode.swift; path = Api.swift; sourceTree = "<group>"; };
		39577E6D2CE4AEC000DCD69F /* HeaderProvider.swift */ = {isa = PBXFileReference; lastKnownFileType = sourcecode.swift; path = HeaderProvider.swift; sourceTree = "<group>"; };
		39577E772CEE0A5F00DCD69F /* ProxyDetector.swift */ = {isa = PBXFileReference; lastKnownFileType = sourcecode.swift; path = ProxyDetector.swift; sourceTree = "<group>"; };
		396356522C74BE9600405989 /* DeviceSignalsApiImpl.swift */ = {isa = PBXFileReference; lastKnownFileType = sourcecode.swift; path = DeviceSignalsApiImpl.swift; sourceTree = "<group>"; };
		396681352CF710AA00DF3306 /* RemoteAccessDetector.swift */ = {isa = PBXFileReference; lastKnownFileType = sourcecode.swift; path = RemoteAccessDetector.swift; sourceTree = "<group>"; };
		396681392CF730A300DF3306 /* FridaChecker.swift */ = {isa = PBXFileReference; lastKnownFileType = sourcecode.swift; path = FridaChecker.swift; sourceTree = "<group>"; };
		397950E92C7DC73E0043677B /* Utils.swift */ = {isa = PBXFileReference; lastKnownFileType = sourcecode.swift; path = Utils.swift; sourceTree = "<group>"; };
		397AF5382C92F0CF004F74D9 /* JailBrokenDetector.swift */ = {isa = PBXFileReference; lastKnownFileType = sourcecode.swift; path = JailBrokenDetector.swift; sourceTree = "<group>"; };
		397AF53A2C92FA6F004F74D9 /* JailBrokenChecker.m */ = {isa = PBXFileReference; lastKnownFileType = sourcecode.c.objc; path = JailBrokenChecker.m; sourceTree = "<group>"; };
		397AF5412C9329A9004F74D9 /* AppTampering.swift */ = {isa = PBXFileReference; lastKnownFileType = sourcecode.swift; path = AppTampering.swift; sourceTree = "<group>"; };
		397CD2B42CF091ED00A0E398 /* HookingDetector.swift */ = {isa = PBXFileReference; lastKnownFileType = sourcecode.swift; path = HookingDetector.swift; sourceTree = "<group>"; };
		3984B68D2C8E2B3B00EE992E /* Options.swift */ = {isa = PBXFileReference; lastKnownFileType = sourcecode.swift; path = Options.swift; sourceTree = "<group>"; };
		3984B68F2C8E2C3000EE992E /* UserEventType.swift */ = {isa = PBXFileReference; lastKnownFileType = sourcecode.swift; path = UserEventType.swift; sourceTree = "<group>"; };
		3984B6932C8E2C8100EE992E /* PhoneInputType.swift */ = {isa = PBXFileReference; lastKnownFileType = sourcecode.swift; path = PhoneInputType.swift; sourceTree = "<group>"; };
		3984B6952C8E2CD400EE992E /* OtpInputType.swift */ = {isa = PBXFileReference; lastKnownFileType = sourcecode.swift; path = OtpInputType.swift; sourceTree = "<group>"; };
		3984B6972C8E2D3F00EE992E /* Environment.swift */ = {isa = PBXFileReference; lastKnownFileType = sourcecode.swift; path = Environment.swift; sourceTree = "<group>"; };
		398EB5A62C63BC6A002FC9CA /* Sign3Intelligence.framework */ = {isa = PBXFileReference; explicitFileType = wrapper.framework; includeInIndex = 0; path = Sign3Intelligence.framework; sourceTree = BUILT_PRODUCTS_DIR; };
		398EB5A92C63BC6A002FC9CA /* Sign3Intelligence.h */ = {isa = PBXFileReference; lastKnownFileType = sourcecode.c.h; path = Sign3Intelligence.h; sourceTree = "<group>"; };
		398EB5AA2C63BC6A002FC9CA /* Sign3Intelligence.docc */ = {isa = PBXFileReference; lastKnownFileType = folder.documentationcatalog; path = Sign3Intelligence.docc; sourceTree = "<group>"; };
		398EB5B02C63BC6B002FC9CA /* Sign3IntelligenceTests.xctest */ = {isa = PBXFileReference; explicitFileType = wrapper.cfbundle; includeInIndex = 0; path = Sign3IntelligenceTests.xctest; sourceTree = BUILT_PRODUCTS_DIR; };
		398EB5B52C63BC6B002FC9CA /* Sign3IntelligenceTests.swift */ = {isa = PBXFileReference; lastKnownFileType = sourcecode.swift; path = Sign3IntelligenceTests.swift; sourceTree = "<group>"; };
		398EB5C12C63BCAF002FC9CA /* DeviceSiganlsApi.swift */ = {isa = PBXFileReference; lastKnownFileType = sourcecode.swift; path = DeviceSiganlsApi.swift; sourceTree = "<group>"; };
		39C775482C8EFCB20006E042 /* VPNDetector.swift */ = {isa = PBXFileReference; lastKnownFileType = sourcecode.swift; path = VPNDetector.swift; sourceTree = "<group>"; };
		39C7754A2C8F066C0006E042 /* Sign3IntelligenceSdkApi.swift */ = {isa = PBXFileReference; lastKnownFileType = sourcecode.swift; path = Sign3IntelligenceSdkApi.swift; sourceTree = "<group>"; };
		39C7754C2C8F06970006E042 /* Sign3IntelligenceSdkApiImpl.swift */ = {isa = PBXFileReference; lastKnownFileType = sourcecode.swift; path = Sign3IntelligenceSdkApiImpl.swift; sourceTree = "<group>"; };
		39C775502C8F13B10006E042 /* SimulatorDetector.swift */ = {isa = PBXFileReference; lastKnownFileType = sourcecode.swift; path = SimulatorDetector.swift; sourceTree = "<group>"; };
		39C775522C8F2F470006E042 /* BaseKey.swift */ = {isa = PBXFileReference; lastKnownFileType = sourcecode.swift; path = BaseKey.swift; sourceTree = "<group>"; };
		39C775542C8F2FE90006E042 /* ProdKeyProvider.swift */ = {isa = PBXFileReference; lastKnownFileType = sourcecode.swift; path = ProdKeyProvider.swift; sourceTree = "<group>"; };
		39C775562C8F320F0006E042 /* DevKeyProvider.swift */ = {isa = PBXFileReference; lastKnownFileType = sourcecode.swift; path = DevKeyProvider.swift; sourceTree = "<group>"; };
		39C775582C8F321C0006E042 /* StagingKeyProvider.swift */ = {isa = PBXFileReference; lastKnownFileType = sourcecode.swift; path = StagingKeyProvider.swift; sourceTree = "<group>"; };
		39CC8F6C2C7F59DD00239032 /* Sign3Intelligence.swift */ = {isa = PBXFileReference; lastKnownFileType = sourcecode.swift; path = Sign3Intelligence.swift; sourceTree = "<group>"; };
		39CC8F6E2C7F5D4D00239032 /* Sign3IntelligenceInternal.swift */ = {isa = PBXFileReference; lastKnownFileType = sourcecode.swift; path = Sign3IntelligenceInternal.swift; sourceTree = "<group>"; };
		39CC8F772C7F63FE00239032 /* DataCreationService.swift */ = {isa = PBXFileReference; lastKnownFileType = sourcecode.swift; path = DataCreationService.swift; sourceTree = "<group>"; };
		39E164652D0AB58D001A7C53 /* CronTrigger.swift */ = {isa = PBXFileReference; lastKnownFileType = sourcecode.swift; path = CronTrigger.swift; sourceTree = "<group>"; };
		39E164672D0AB5FD001A7C53 /* ActionHandlerContinuousIntegrationImpl.swift */ = {isa = PBXFileReference; lastKnownFileType = sourcecode.swift; path = ActionHandlerContinuousIntegrationImpl.swift; sourceTree = "<group>"; };
		39E164692D0AB68C001A7C53 /* ActionContextSource.swift */ = {isa = PBXFileReference; lastKnownFileType = sourcecode.swift; path = ActionContextSource.swift; sourceTree = "<group>"; };
		39E1646D2D0AF140001A7C53 /* HashData.swift */ = {isa = PBXFileReference; lastKnownFileType = sourcecode.swift; path = HashData.swift; sourceTree = "<group>"; };
		39E1646F2D0AF25D001A7C53 /* DataHashUtil.swift */ = {isa = PBXFileReference; lastKnownFileType = sourcecode.swift; path = DataHashUtil.swift; sourceTree = "<group>"; };
		39E164712D0B0274001A7C53 /* GPSLocation.swift */ = {isa = PBXFileReference; lastKnownFileType = sourcecode.swift; path = GPSLocation.swift; sourceTree = "<group>"; };
		39E164732D0B435E001A7C53 /* ActionContextEvent.swift */ = {isa = PBXFileReference; lastKnownFileType = sourcecode.swift; path = ActionContextEvent.swift; sourceTree = "<group>"; };
		39E36C292C90839500625BE6 /* SimulatorChecker.m */ = {isa = PBXFileReference; fileEncoding = 4; lastKnownFileType = sourcecode.c.objc; path = SimulatorChecker.m; sourceTree = "<group>"; };
		39E36C2A2C90839500625BE6 /* Sign3PrivateHeader.h */ = {isa = PBXFileReference; fileEncoding = 4; lastKnownFileType = sourcecode.c.h; path = Sign3PrivateHeader.h; sourceTree = "<group>"; };
		39E36C3A2C91885D00625BE6 /* module.modulemap */ = {isa = PBXFileReference; lastKnownFileType = "sourcecode.module-map"; path = module.modulemap; sourceTree = "<group>"; };
		39E6BF5D2CF5F5BD0086203C /* ReverseEngineeringToolsChecker.swift */ = {isa = PBXFileReference; lastKnownFileType = sourcecode.swift; path = ReverseEngineeringToolsChecker.swift; sourceTree = "<group>"; };
		39E6BF5F2CF60B9A0086203C /* HookingDetectorConst.swift */ = {isa = PBXFileReference; lastKnownFileType = sourcecode.swift; path = HookingDetectorConst.swift; sourceTree = "<group>"; };
		39E6BF612CF60FFB0086203C /* MSHookChecker.swift */ = {isa = PBXFileReference; lastKnownFileType = sourcecode.swift; path = MSHookChecker.swift; sourceTree = "<group>"; };
		39E738FA2C885D01002B24C8 /* Info.plist */ = {isa = PBXFileReference; lastKnownFileType = text.plist; path = Info.plist; sourceTree = "<group>"; };
		39E738FD2C88826F002B24C8 /* Location.swift */ = {isa = PBXFileReference; lastKnownFileType = sourcecode.swift; path = Location.swift; sourceTree = "<group>"; };
		39E738FF2C888F16002B24C8 /* LocationDetector.swift */ = {isa = PBXFileReference; lastKnownFileType = sourcecode.swift; path = LocationDetector.swift; sourceTree = "<group>"; };
		39ED49002D0776C600584401 /* ConfigManager.swift */ = {isa = PBXFileReference; lastKnownFileType = sourcecode.swift; path = ConfigManager.swift; sourceTree = "<group>"; };
		39ED49022D0776FD00584401 /* Config.swift */ = {isa = PBXFileReference; lastKnownFileType = sourcecode.swift; path = Config.swift; sourceTree = "<group>"; };
		39ED49042D07786000584401 /* Resource.swift */ = {isa = PBXFileReference; lastKnownFileType = sourcecode.swift; path = Resource.swift; sourceTree = "<group>"; };
		39ED49062D08309100584401 /* EventMetric.swift */ = {isa = PBXFileReference; lastKnownFileType = sourcecode.swift; path = EventMetric.swift; sourceTree = "<group>"; };
		39ED49082D083C6000584401 /* DataRequest.swift */ = {isa = PBXFileReference; lastKnownFileType = sourcecode.swift; path = DataRequest.swift; sourceTree = "<group>"; };
		39ED490B2D083D9800584401 /* ClientParam.swift */ = {isa = PBXFileReference; lastKnownFileType = sourcecode.swift; path = ClientParam.swift; sourceTree = "<group>"; };
		39ED490D2D083E4A00584401 /* DeviceParam.swift */ = {isa = PBXFileReference; lastKnownFileType = sourcecode.swift; path = DeviceParam.swift; sourceTree = "<group>"; };
		39ED490F2D083F8E00584401 /* iOSDataRequest.swift */ = {isa = PBXFileReference; lastKnownFileType = sourcecode.swift; path = iOSDataRequest.swift; sourceTree = "<group>"; };
		39ED49112D0841D000584401 /* iOSNetworkData.swift */ = {isa = PBXFileReference; lastKnownFileType = sourcecode.swift; path = iOSNetworkData.swift; sourceTree = "<group>"; };
		39ED49132D0841FD00584401 /* NetworkLocation.swift */ = {isa = PBXFileReference; lastKnownFileType = sourcecode.swift; path = NetworkLocation.swift; sourceTree = "<group>"; };
		39ED49152D08424800584401 /* iOSDeviceRawData.swift */ = {isa = PBXFileReference; lastKnownFileType = sourcecode.swift; path = iOSDeviceRawData.swift; sourceTree = "<group>"; };
		39ED49172D08429100584401 /* iOSDeviceIDs.swift */ = {isa = PBXFileReference; lastKnownFileType = sourcecode.swift; path = iOSDeviceIDs.swift; sourceTree = "<group>"; };
		39ED49192D08432A00584401 /* OsBuildRawData.swift */ = {isa = PBXFileReference; lastKnownFileType = sourcecode.swift; path = OsBuildRawData.swift; sourceTree = "<group>"; };
		39ED491B2D0843E900584401 /* InstalledAppsRawData.swift */ = {isa = PBXFileReference; lastKnownFileType = sourcecode.swift; path = InstalledAppsRawData.swift; sourceTree = "<group>"; };
		39ED491D2D0844A500584401 /* HardwareFingerprintRawData.swift */ = {isa = PBXFileReference; lastKnownFileType = sourcecode.swift; path = HardwareFingerprintRawData.swift; sourceTree = "<group>"; };
		39ED491F2D0846F200584401 /* DeviceStateRawData.swift */ = {isa = PBXFileReference; lastKnownFileType = sourcecode.swift; path = DeviceStateRawData.swift; sourceTree = "<group>"; };
		39ED492B2D08567200584401 /* IntelligenceError.swift */ = {isa = PBXFileReference; lastKnownFileType = sourcecode.swift; path = IntelligenceError.swift; sourceTree = "<group>"; };
		39ED492D2D0856C600584401 /* ActionHandlerImpl.swift */ = {isa = PBXFileReference; lastKnownFileType = sourcecode.swift; path = ActionHandlerImpl.swift; sourceTree = "<group>"; };
		39ED492F2D08A50900584401 /* IntelligenceResponseListener.swift */ = {isa = PBXFileReference; lastKnownFileType = sourcecode.swift; path = IntelligenceResponseListener.swift; sourceTree = "<group>"; };
		39F2999C2C995FBA00D896F2 /* LocationSpoffer.swift */ = {isa = PBXFileReference; lastKnownFileType = sourcecode.swift; path = LocationSpoffer.swift; sourceTree = "<group>"; };
		39F2999E2C99A9F200D896F2 /* UserDefaultsManager.swift */ = {isa = PBXFileReference; lastKnownFileType = sourcecode.swift; path = UserDefaultsManager.swift; sourceTree = "<group>"; };
		39F299A02C9C2CC500D896F2 /* DeviceSignalsFromObjectiveC.m */ = {isa = PBXFileReference; lastKnownFileType = sourcecode.c.objc; path = DeviceSignalsFromObjectiveC.m; sourceTree = "<group>"; };
		39F299A22C9C3E2600D896F2 /* Sign3PublicHeader.h */ = {isa = PBXFileReference; lastKnownFileType = sourcecode.c.h; path = Sign3PublicHeader.h; sourceTree = "<group>"; };
		797C73F22D12C8A700C4B821 /* DeviceCheckData.swift */ = {isa = PBXFileReference; lastKnownFileType = sourcecode.swift; path = DeviceCheckData.swift; sourceTree = "<group>"; };
		79E86C922CFF4B8300A66FF5 /* Log.swift */ = {isa = PBXFileReference; lastKnownFileType = sourcecode.swift; path = Log.swift; sourceTree = "<group>"; };
		79EA04A42D26A88F00DF873D /* KeychainHelper 2.swift */ = {isa = PBXFileReference; lastKnownFileType = sourcecode.swift; path = "KeychainHelper 2.swift"; sourceTree = "<group>"; };
/* End PBXFileReference section */

/* Begin PBXFrameworksBuildPhase section */
		398EB5A32C63BC6A002FC9CA /* Frameworks */ = {
			isa = PBXFrameworksBuildPhase;
			buildActionMask = 2147483647;
			files = (
				79EA04AC2D26C58E00DF873D /* RealmSwift in Frameworks */,
				79EA04AA2D26C50F00DF873D /* Mixpanel in Frameworks */,
			);
			runOnlyForDeploymentPostprocessing = 0;
		};
		398EB5AD2C63BC6B002FC9CA /* Frameworks */ = {
			isa = PBXFrameworksBuildPhase;
			buildActionMask = 2147483647;
			files = (
				398EB5B12C63BC6B002FC9CA /* Sign3Intelligence.framework in Frameworks */,
			);
			runOnlyForDeploymentPostprocessing = 0;
		};
/* End PBXFrameworksBuildPhase section */

/* Begin PBXGroup section */
		390D71F12C962AF20090147D /* Encryption */ = {
			isa = PBXGroup;
			children = (
				390D71F22C962B040090147D /* CryptoGCM.swift */,
			);
			path = Encryption;
			sourceTree = "<group>";
		};
		393E768C2C809FC100572A77 /* Model */ = {
			isa = PBXGroup;
			children = (
				797C73F22D12C8A700C4B821 /* DeviceCheckData.swift */,
				39ED492B2D08567200584401 /* IntelligenceError.swift */,
				393E768D2C809FE700572A77 /* IntelligenceResponse.swift */,
				39E738FD2C88826F002B24C8 /* Location.swift */,
				39ED49022D0776FD00584401 /* Config.swift */,
				39ED49062D08309100584401 /* EventMetric.swift */,
				39ED49082D083C6000584401 /* DataRequest.swift */,
				39ED490B2D083D9800584401 /* ClientParam.swift */,
				39ED490D2D083E4A00584401 /* DeviceParam.swift */,
				39ED490F2D083F8E00584401 /* iOSDataRequest.swift */,
				39ED49112D0841D000584401 /* iOSNetworkData.swift */,
				39ED49132D0841FD00584401 /* NetworkLocation.swift */,
				39ED49152D08424800584401 /* iOSDeviceRawData.swift */,
				39ED49172D08429100584401 /* iOSDeviceIDs.swift */,
				39ED49192D08432A00584401 /* OsBuildRawData.swift */,
				39ED491B2D0843E900584401 /* InstalledAppsRawData.swift */,
				39ED491D2D0844A500584401 /* HardwareFingerprintRawData.swift */,
				39ED491F2D0846F200584401 /* DeviceStateRawData.swift */,
				39E1646D2D0AF140001A7C53 /* HashData.swift */,
				39E164712D0B0274001A7C53 /* GPSLocation.swift */,
			);
			name = Model;
			sourceTree = "<group>";
		};
		39577E682CE4AE2C00DCD69F /* Repository */ = {
			isa = PBXGroup;
			children = (
				39577E6A2CE4AE4B00DCD69F /* Sign3 */,
			);
			path = Repository;
			sourceTree = "<group>";
		};
		39577E6A2CE4AE4B00DCD69F /* Sign3 */ = {
			isa = PBXGroup;
			children = (
				39577E6B2CE4AE5700DCD69F /* Api.swift */,
				39577E6D2CE4AEC000DCD69F /* HeaderProvider.swift */,
			);
			path = Sign3;
			sourceTree = "<group>";
		};
		39577E762CEE0A1F00DCD69F /* Proxy */ = {
			isa = PBXGroup;
			children = (
				39577E772CEE0A5F00DCD69F /* ProxyDetector.swift */,
			);
			path = Proxy;
			sourceTree = "<group>";
		};
		396681342CF7109B00DF3306 /* RemoteAccess */ = {
			isa = PBXGroup;
			children = (
				396681352CF710AA00DF3306 /* RemoteAccessDetector.swift */,
			);
			path = RemoteAccess;
			sourceTree = "<group>";
		};
		396681372CF72DC000DF3306 /* HookingTools */ = {
			isa = PBXGroup;
			children = (
				39E6BF5D2CF5F5BD0086203C /* ReverseEngineeringToolsChecker.swift */,
				39E6BF612CF60FFB0086203C /* MSHookChecker.swift */,
				396681392CF730A300DF3306 /* FridaChecker.swift */,
			);
			path = HookingTools;
			sourceTree = "<group>";
		};
		397950E82C7DC6F80043677B /* Utils */ = {
			isa = PBXGroup;
			children = (
				79EA04A42D26A88F00DF873D /* KeychainHelper 2.swift */,
				397950E92C7DC73E0043677B /* Utils.swift */,
				39C775522C8F2F470006E042 /* BaseKey.swift */,
				39C775542C8F2FE90006E042 /* ProdKeyProvider.swift */,
				39C775562C8F320F0006E042 /* DevKeyProvider.swift */,
				39C775582C8F321C0006E042 /* StagingKeyProvider.swift */,
				39F2999E2C99A9F200D896F2 /* UserDefaultsManager.swift */,
				79E86C922CFF4B8300A66FF5 /* Log.swift */,
				39ED49042D07786000584401 /* Resource.swift */,
				39E1646F2D0AF25D001A7C53 /* DataHashUtil.swift */,
			);
			name = Utils;
			sourceTree = "<group>";
		};
		397AF52A2C91DE29004F74D9 /* Module */ = {
			isa = PBXGroup;
			children = (
				39E36C3A2C91885D00625BE6 /* module.modulemap */,
			);
			name = Module;
			sourceTree = "<group>";
		};
		397AF5342C92036A004F74D9 /* Headers */ = {
			isa = PBXGroup;
			children = (
				398EB5A92C63BC6A002FC9CA /* Sign3Intelligence.h */,
				39E36C2A2C90839500625BE6 /* Sign3PrivateHeader.h */,
				39F299A22C9C3E2600D896F2 /* Sign3PublicHeader.h */,
			);
			name = Headers;
			sourceTree = "<group>";
		};
		397AF5372C92F0A3004F74D9 /* JailBroken */ = {
			isa = PBXGroup;
			children = (
				395273782CFDAC0E00193923 /* FileChecker.swift */,
				397AF5382C92F0CF004F74D9 /* JailBrokenDetector.swift */,
				397AF53A2C92FA6F004F74D9 /* JailBrokenChecker.m */,
				395273762CFD994400193923 /* JailBrokenDetectorConst.swift */,
			);
			path = JailBroken;
			sourceTree = "<group>";
		};
		397AF5402C93299A004F74D9 /* AppTampering */ = {
			isa = PBXGroup;
			children = (
				397AF5412C9329A9004F74D9 /* AppTampering.swift */,
			);
			name = AppTampering;
			sourceTree = "<group>";
		};
		397CD2B32CF091D200A0E398 /* Hooking */ = {
			isa = PBXGroup;
			children = (
				396681372CF72DC000DF3306 /* HookingTools */,
				397CD2B42CF091ED00A0E398 /* HookingDetector.swift */,
				39E6BF5F2CF60B9A0086203C /* HookingDetectorConst.swift */,
			);
			path = Hooking;
			sourceTree = "<group>";
		};
		3984B69E2C8EFB8600EE992E /* LocationDetector */ = {
			isa = PBXGroup;
			children = (
				39E738FF2C888F16002B24C8 /* LocationDetector.swift */,
			);
			name = LocationDetector;
			sourceTree = "<group>";
		};
		398EB59C2C63BC6A002FC9CA = {
			isa = PBXGroup;
			children = (
				398EB5A82C63BC6A002FC9CA /* Sign3Intelligence */,
				398EB5B42C63BC6B002FC9CA /* Sign3IntelligenceTests */,
				398EB5A72C63BC6A002FC9CA /* Products */,
			);
			sourceTree = "<group>";
		};
		398EB5A72C63BC6A002FC9CA /* Products */ = {
			isa = PBXGroup;
			children = (
				398EB5A62C63BC6A002FC9CA /* Sign3Intelligence.framework */,
				398EB5B02C63BC6B002FC9CA /* Sign3IntelligenceTests.xctest */,
			);
			name = Products;
			sourceTree = "<group>";
		};
		398EB5A82C63BC6A002FC9CA /* Sign3Intelligence */ = {
			isa = PBXGroup;
			children = (
				39577E682CE4AE2C00DCD69F /* Repository */,
				390D71F12C962AF20090147D /* Encryption */,
				397AF5342C92036A004F74D9 /* Headers */,
				397AF52A2C91DE29004F74D9 /* Module */,
				39E738FA2C885D01002B24C8 /* Info.plist */,
				39E738F92C882AB4002B24C8 /* Detectors */,
				393E768C2C809FC100572A77 /* Model */,
				397950E82C7DC6F80043677B /* Utils */,
				398EB5C02C63BC8A002FC9CA /* DeviceSignals */,
				398EB5AA2C63BC6A002FC9CA /* Sign3Intelligence.docc */,
				39CC8F6C2C7F59DD00239032 /* Sign3Intelligence.swift */,
				39ED49002D0776C600584401 /* ConfigManager.swift */,
				39CC8F6E2C7F5D4D00239032 /* Sign3IntelligenceInternal.swift */,
				3984B68D2C8E2B3B00EE992E /* Options.swift */,
				3984B68F2C8E2C3000EE992E /* UserEventType.swift */,
				3984B6932C8E2C8100EE992E /* PhoneInputType.swift */,
				3984B6952C8E2CD400EE992E /* OtpInputType.swift */,
				3984B6972C8E2D3F00EE992E /* Environment.swift */,
				390D71EF2C961AF30090147D /* UpdateOption.swift */,
				39ED492D2D0856C600584401 /* ActionHandlerImpl.swift */,
				39ED492F2D08A50900584401 /* IntelligenceResponseListener.swift */,
				39E164652D0AB58D001A7C53 /* CronTrigger.swift */,
				39E164672D0AB5FD001A7C53 /* ActionHandlerContinuousIntegrationImpl.swift */,
				39E164692D0AB68C001A7C53 /* ActionContextSource.swift */,
				39E164732D0B435E001A7C53 /* ActionContextEvent.swift */,
			);
			path = Sign3Intelligence;
			sourceTree = "<group>";
		};
		398EB5B42C63BC6B002FC9CA /* Sign3IntelligenceTests */ = {
			isa = PBXGroup;
			children = (
				398EB5B52C63BC6B002FC9CA /* Sign3IntelligenceTests.swift */,
			);
			path = Sign3IntelligenceTests;
			sourceTree = "<group>";
		};
		398EB5C02C63BC8A002FC9CA /* DeviceSignals */ = {
			isa = PBXGroup;
			children = (
				398EB5C12C63BCAF002FC9CA /* DeviceSiganlsApi.swift */,
				396356522C74BE9600405989 /* DeviceSignalsApiImpl.swift */,
				39F299A02C9C2CC500D896F2 /* DeviceSignalsFromObjectiveC.m */,
			);
			name = DeviceSignals;
			sourceTree = "<group>";
		};
		39C775472C8EFC900006E042 /* VPNSpoffer */ = {
			isa = PBXGroup;
			children = (
				39C775482C8EFCB20006E042 /* VPNDetector.swift */,
			);
			path = VPNSpoffer;
			sourceTree = "<group>";
		};
		39C7754F2C8F139F0006E042 /* SimulatorDetector */ = {
			isa = PBXGroup;
			children = (
				39E36C292C90839500625BE6 /* SimulatorChecker.m */,
				39C775502C8F13B10006E042 /* SimulatorDetector.swift */,
			);
			name = SimulatorDetector;
			sourceTree = "<group>";
		};
		39E738F92C882AB4002B24C8 /* Detectors */ = {
			isa = PBXGroup;
			children = (
				396681342CF7109B00DF3306 /* RemoteAccess */,
				397CD2B32CF091D200A0E398 /* Hooking */,
				39577E762CEE0A1F00DCD69F /* Proxy */,
				39F2999B2C995FAC00D896F2 /* LocationSpoffer */,
				397AF5402C93299A004F74D9 /* AppTampering */,
				397AF5372C92F0A3004F74D9 /* JailBroken */,
				39C7754F2C8F139F0006E042 /* SimulatorDetector */,
				39C775472C8EFC900006E042 /* VPNSpoffer */,
				3984B69E2C8EFB8600EE992E /* LocationDetector */,
				39CC8F772C7F63FE00239032 /* DataCreationService.swift */,
				39C7754A2C8F066C0006E042 /* Sign3IntelligenceSdkApi.swift */,
				39C7754C2C8F06970006E042 /* Sign3IntelligenceSdkApiImpl.swift */,
			);
			name = Detectors;
			sourceTree = "<group>";
		};
		39F2999B2C995FAC00D896F2 /* LocationSpoffer */ = {
			isa = PBXGroup;
			children = (
				39F2999C2C995FBA00D896F2 /* LocationSpoffer.swift */,
			);
			path = LocationSpoffer;
			sourceTree = "<group>";
		};
/* End PBXGroup section */

/* Begin PBXHeadersBuildPhase section */
		398EB5A12C63BC6A002FC9CA /* Headers */ = {
			isa = PBXHeadersBuildPhase;
			buildActionMask = 2147483647;
			files = (
				398EB5B72C63BC6B002FC9CA /* Sign3Intelligence.h in Headers */,
				39F299A32C9C3EDE00D896F2 /* Sign3PublicHeader.h in Headers */,
				39E36C2C2C90839500625BE6 /* Sign3PrivateHeader.h in Headers */,
			);
			runOnlyForDeploymentPostprocessing = 0;
		};
/* End PBXHeadersBuildPhase section */

/* Begin PBXNativeTarget section */
		398EB5A52C63BC6A002FC9CA /* Sign3Intelligence */ = {
			isa = PBXNativeTarget;
			buildConfigurationList = 398EB5BA2C63BC6B002FC9CA /* Build configuration list for PBXNativeTarget "Sign3Intelligence" */;
			buildPhases = (
				398EB5A12C63BC6A002FC9CA /* Headers */,
				398EB5A22C63BC6A002FC9CA /* Sources */,
				398EB5A32C63BC6A002FC9CA /* Frameworks */,
				398EB5A42C63BC6A002FC9CA /* Resources */,
			);
			buildRules = (
			);
			dependencies = (
			);
			name = Sign3Intelligence;
			productName = Sign3Intelligence;
			productReference = 398EB5A62C63BC6A002FC9CA /* Sign3Intelligence.framework */;
			productType = "com.apple.product-type.framework";
		};
		398EB5AF2C63BC6B002FC9CA /* Sign3IntelligenceTests */ = {
			isa = PBXNativeTarget;
			buildConfigurationList = 398EB5BD2C63BC6B002FC9CA /* Build configuration list for PBXNativeTarget "Sign3IntelligenceTests" */;
			buildPhases = (
				398EB5AC2C63BC6B002FC9CA /* Sources */,
				398EB5AD2C63BC6B002FC9CA /* Frameworks */,
				398EB5AE2C63BC6B002FC9CA /* Resources */,
			);
			buildRules = (
			);
			dependencies = (
				398EB5B32C63BC6B002FC9CA /* PBXTargetDependency */,
			);
			name = Sign3IntelligenceTests;
			productName = Sign3IntelligenceTests;
			productReference = 398EB5B02C63BC6B002FC9CA /* Sign3IntelligenceTests.xctest */;
			productType = "com.apple.product-type.bundle.unit-test";
		};
/* End PBXNativeTarget section */

/* Begin PBXProject section */
		398EB59D2C63BC6A002FC9CA /* Project object */ = {
			isa = PBXProject;
			attributes = {
				BuildIndependentTargetsInParallel = 1;
				LastSwiftUpdateCheck = 1430;
				LastUpgradeCheck = 1610;
				TargetAttributes = {
					398EB5A52C63BC6A002FC9CA = {
						CreatedOnToolsVersion = 14.3.1;
						LastSwiftMigration = 1540;
					};
					398EB5AF2C63BC6B002FC9CA = {
						CreatedOnToolsVersion = 14.3.1;
					};
				};
			};
			buildConfigurationList = 398EB5A02C63BC6A002FC9CA /* Build configuration list for PBXProject "Sign3Intelligence" */;
			compatibilityVersion = "Xcode 14.0";
			developmentRegion = en;
			hasScannedForEncodings = 0;
			knownRegions = (
				en,
				Base,
			);
			mainGroup = 398EB59C2C63BC6A002FC9CA;
			packageReferences = (
				79EA04A62D26BA5200DF873D /* XCRemoteSwiftPackageReference "mixpanel-swift" */,
				79EA04A72D26BB0100DF873D /* XCRemoteSwiftPackageReference "realm-swift" */,
			);
			productRefGroup = 398EB5A72C63BC6A002FC9CA /* Products */;
			projectDirPath = "";
			projectRoot = "";
			targets = (
				398EB5A52C63BC6A002FC9CA /* Sign3Intelligence */,
				398EB5AF2C63BC6B002FC9CA /* Sign3IntelligenceTests */,
			);
		};
/* End PBXProject section */

/* Begin PBXResourcesBuildPhase section */
		398EB5A42C63BC6A002FC9CA /* Resources */ = {
			isa = PBXResourcesBuildPhase;
			buildActionMask = 2147483647;
			files = (
			);
			runOnlyForDeploymentPostprocessing = 0;
		};
		398EB5AE2C63BC6B002FC9CA /* Resources */ = {
			isa = PBXResourcesBuildPhase;
			buildActionMask = 2147483647;
			files = (
			);
			runOnlyForDeploymentPostprocessing = 0;
		};
/* End PBXResourcesBuildPhase section */

/* Begin PBXSourcesBuildPhase section */
		398EB5A22C63BC6A002FC9CA /* Sources */ = {
			isa = PBXSourcesBuildPhase;
			buildActionMask = 2147483647;
			files = (
				395273772CFD994400193923 /* JailBrokenDetectorConst.swift in Sources */,
				39ED492C2D08567200584401 /* IntelligenceError.swift in Sources */,
				398EB5C22C63BCAF002FC9CA /* DeviceSiganlsApi.swift in Sources */,
				39ED49122D0841D000584401 /* iOSNetworkData.swift in Sources */,
				39E164742D0B435E001A7C53 /* ActionContextEvent.swift in Sources */,
				79E86C932CFF4B8300A66FF5 /* Log.swift in Sources */,
				3984B6982C8E2D3F00EE992E /* Environment.swift in Sources */,
				39ED490C2D083D9800584401 /* ClientParam.swift in Sources */,
				398EB5AB2C63BC6A002FC9CA /* Sign3Intelligence.docc in Sources */,
				3984B6902C8E2C3000EE992E /* UserEventType.swift in Sources */,
				39E164722D0B0274001A7C53 /* GPSLocation.swift in Sources */,
				39C775512C8F13B10006E042 /* SimulatorDetector.swift in Sources */,
				39ED491C2D0843E900584401 /* InstalledAppsRawData.swift in Sources */,
				396681362CF710AA00DF3306 /* RemoteAccessDetector.swift in Sources */,
				39577E6E2CE4AEC000DCD69F /* HeaderProvider.swift in Sources */,
				797C73F32D12C8AF00C4B821 /* DeviceCheckData.swift in Sources */,
				39E164702D0AF25D001A7C53 /* DataHashUtil.swift in Sources */,
				39E738FE2C88826F002B24C8 /* Location.swift in Sources */,
				39F2999F2C99A9F200D896F2 /* UserDefaultsManager.swift in Sources */,
				39F2999D2C995FBA00D896F2 /* LocationSpoffer.swift in Sources */,
				39E6BF622CF60FFB0086203C /* MSHookChecker.swift in Sources */,
				397CD2B52CF091ED00A0E398 /* HookingDetector.swift in Sources */,
				39E164662D0AB58D001A7C53 /* CronTrigger.swift in Sources */,
				39ED49102D083F8E00584401 /* iOSDataRequest.swift in Sources */,
				39ED49302D08A50900584401 /* IntelligenceResponseListener.swift in Sources */,
				39ED49142D0841FD00584401 /* NetworkLocation.swift in Sources */,
				39ED491E2D0844A500584401 /* HardwareFingerprintRawData.swift in Sources */,
				39ED49092D083C6000584401 /* DataRequest.swift in Sources */,
				39ED49162D08424800584401 /* iOSDeviceRawData.swift in Sources */,
				390D71F02C961AF30090147D /* UpdateOption.swift in Sources */,
				39577E782CEE0A5F00DCD69F /* ProxyDetector.swift in Sources */,
				39CC8F782C7F63FE00239032 /* DataCreationService.swift in Sources */,
				39E6BF602CF60B9A0086203C /* HookingDetectorConst.swift in Sources */,
				39E164682D0AB5FD001A7C53 /* ActionHandlerContinuousIntegrationImpl.swift in Sources */,
				39ED49072D08309100584401 /* EventMetric.swift in Sources */,
				3984B68E2C8E2B3B00EE992E /* Options.swift in Sources */,
				39ED49052D07786000584401 /* Resource.swift in Sources */,
				39C7754B2C8F066C0006E042 /* Sign3IntelligenceSdkApi.swift in Sources */,
				397AF53B2C92FA6F004F74D9 /* JailBrokenChecker.m in Sources */,
				39C775552C8F2FE90006E042 /* ProdKeyProvider.swift in Sources */,
				3984B6962C8E2CD400EE992E /* OtpInputType.swift in Sources */,
				39ED49012D0776C600584401 /* ConfigManager.swift in Sources */,
				3966813A2CF730A300DF3306 /* FridaChecker.swift in Sources */,
				39CC8F6F2C7F5D4D00239032 /* Sign3IntelligenceInternal.swift in Sources */,
				39C775592C8F321C0006E042 /* StagingKeyProvider.swift in Sources */,
				3984B6942C8E2C8100EE992E /* PhoneInputType.swift in Sources */,
				39ED492E2D0856C600584401 /* ActionHandlerImpl.swift in Sources */,
				79EA04A52D26A88F00DF873D /* KeychainHelper 2.swift in Sources */,
				39ED490E2D083E4A00584401 /* DeviceParam.swift in Sources */,
				396356532C74BE9600405989 /* DeviceSignalsApiImpl.swift in Sources */,
				390D71F32C962B040090147D /* CryptoGCM.swift in Sources */,
				39E1646E2D0AF140001A7C53 /* HashData.swift in Sources */,
				393E768E2C809FE700572A77 /* IntelligenceResponse.swift in Sources */,
				39ED491A2D08432A00584401 /* OsBuildRawData.swift in Sources */,
				39577E6C2CE4AE5700DCD69F /* Api.swift in Sources */,
				39E739002C888F16002B24C8 /* LocationDetector.swift in Sources */,
				39ED49182D08429100584401 /* iOSDeviceIDs.swift in Sources */,
				39F299A12C9C2CC500D896F2 /* DeviceSignalsFromObjectiveC.m in Sources */,
				397AF5392C92F0CF004F74D9 /* JailBrokenDetector.swift in Sources */,
				39C775572C8F320F0006E042 /* DevKeyProvider.swift in Sources */,
				39C775532C8F2F470006E042 /* BaseKey.swift in Sources */,
				39E6BF5E2CF5F5BD0086203C /* ReverseEngineeringToolsChecker.swift in Sources */,
				39C775492C8EFCB20006E042 /* VPNDetector.swift in Sources */,
				39C7754D2C8F06970006E042 /* Sign3IntelligenceSdkApiImpl.swift in Sources */,
				397950EA2C7DC73E0043677B /* Utils.swift in Sources */,
				39ED49032D0776FD00584401 /* Config.swift in Sources */,
				39E1646A2D0AB68D001A7C53 /* ActionContextSource.swift in Sources */,
				397AF5422C9329A9004F74D9 /* AppTampering.swift in Sources */,
				39ED49202D0846F200584401 /* DeviceStateRawData.swift in Sources */,
				39E36C2B2C90839500625BE6 /* SimulatorChecker.m in Sources */,
				39CC8F6D2C7F59DD00239032 /* Sign3Intelligence.swift in Sources */,
				395273792CFDAC0E00193923 /* FileChecker.swift in Sources */,
			);
			runOnlyForDeploymentPostprocessing = 0;
		};
		398EB5AC2C63BC6B002FC9CA /* Sources */ = {
			isa = PBXSourcesBuildPhase;
			buildActionMask = 2147483647;
			files = (
				398EB5B62C63BC6B002FC9CA /* Sign3IntelligenceTests.swift in Sources */,
			);
			runOnlyForDeploymentPostprocessing = 0;
		};
/* End PBXSourcesBuildPhase section */

/* Begin PBXTargetDependency section */
		398EB5B32C63BC6B002FC9CA /* PBXTargetDependency */ = {
			isa = PBXTargetDependency;
			target = 398EB5A52C63BC6A002FC9CA /* Sign3Intelligence */;
			targetProxy = 398EB5B22C63BC6B002FC9CA /* PBXContainerItemProxy */;
		};
/* End PBXTargetDependency section */

/* Begin XCBuildConfiguration section */
		398EB5B82C63BC6B002FC9CA /* Debug */ = {
			isa = XCBuildConfiguration;
			buildSettings = {
				ALWAYS_SEARCH_USER_PATHS = NO;
				CLANG_ANALYZER_NONNULL = YES;
				CLANG_ANALYZER_NUMBER_OBJECT_CONVERSION = YES_AGGRESSIVE;
				CLANG_CXX_LANGUAGE_STANDARD = "gnu++20";
				CLANG_ENABLE_MODULES = YES;
				CLANG_ENABLE_OBJC_ARC = YES;
				CLANG_ENABLE_OBJC_WEAK = YES;
				CLANG_WARN_BLOCK_CAPTURE_AUTORELEASING = YES;
				CLANG_WARN_BOOL_CONVERSION = YES;
				CLANG_WARN_COMMA = YES;
				CLANG_WARN_CONSTANT_CONVERSION = YES;
				CLANG_WARN_DEPRECATED_OBJC_IMPLEMENTATIONS = YES;
				CLANG_WARN_DIRECT_OBJC_ISA_USAGE = YES_ERROR;
				CLANG_WARN_DOCUMENTATION_COMMENTS = YES;
				CLANG_WARN_EMPTY_BODY = YES;
				CLANG_WARN_ENUM_CONVERSION = YES;
				CLANG_WARN_INFINITE_RECURSION = YES;
				CLANG_WARN_INT_CONVERSION = YES;
				CLANG_WARN_NON_LITERAL_NULL_CONVERSION = YES;
				CLANG_WARN_OBJC_IMPLICIT_RETAIN_SELF = YES;
				CLANG_WARN_OBJC_LITERAL_CONVERSION = YES;
				CLANG_WARN_OBJC_ROOT_CLASS = YES_ERROR;
				CLANG_WARN_QUOTED_INCLUDE_IN_FRAMEWORK_HEADER = YES;
				CLANG_WARN_RANGE_LOOP_ANALYSIS = YES;
				CLANG_WARN_STRICT_PROTOTYPES = YES;
				CLANG_WARN_SUSPICIOUS_MOVE = YES;
				CLANG_WARN_UNGUARDED_AVAILABILITY = YES_AGGRESSIVE;
				CLANG_WARN_UNREACHABLE_CODE = YES;
				CLANG_WARN__DUPLICATE_METHOD_MATCH = YES;
				COPY_PHASE_STRIP = NO;
				CURRENT_PROJECT_VERSION = 1;
				DEBUG_INFORMATION_FORMAT = dwarf;
				DEFINES_MODULE = NO;
				ENABLE_STRICT_OBJC_MSGSEND = YES;
				ENABLE_TESTABILITY = YES;
				ENABLE_USER_SCRIPT_SANDBOXING = YES;
				GCC_C_LANGUAGE_STANDARD = gnu11;
				GCC_DYNAMIC_NO_PIC = NO;
				GCC_NO_COMMON_BLOCKS = YES;
				GCC_OPTIMIZATION_LEVEL = 0;
				GCC_PREPROCESSOR_DEFINITIONS = (
					"DEBUG=1",
					"$(inherited)",
				);
				GCC_WARN_64_TO_32_BIT_CONVERSION = YES;
				GCC_WARN_ABOUT_RETURN_TYPE = YES_ERROR;
				GCC_WARN_UNDECLARED_SELECTOR = YES;
				GCC_WARN_UNINITIALIZED_AUTOS = YES_AGGRESSIVE;
				GCC_WARN_UNUSED_FUNCTION = YES;
				GCC_WARN_UNUSED_VARIABLE = YES;
				IPHONEOS_DEPLOYMENT_TARGET = 17.5;
				MTL_ENABLE_DEBUG_INFO = INCLUDE_SOURCE;
				MTL_FAST_MATH = YES;
				ONLY_ACTIVE_ARCH = YES;
				SDKROOT = iphoneos;
				SWIFT_ACTIVE_COMPILATION_CONDITIONS = DEBUG;
				SWIFT_OPTIMIZATION_LEVEL = "-Onone";
				VERSIONING_SYSTEM = "apple-generic";
				VERSION_INFO_PREFIX = "";
			};
			name = Debug;
		};
		398EB5B92C63BC6B002FC9CA /* Release */ = {
			isa = XCBuildConfiguration;
			buildSettings = {
				ALWAYS_SEARCH_USER_PATHS = NO;
				CLANG_ANALYZER_NONNULL = YES;
				CLANG_ANALYZER_NUMBER_OBJECT_CONVERSION = YES_AGGRESSIVE;
				CLANG_CXX_LANGUAGE_STANDARD = "gnu++20";
				CLANG_ENABLE_MODULES = YES;
				CLANG_ENABLE_OBJC_ARC = YES;
				CLANG_ENABLE_OBJC_WEAK = YES;
				CLANG_WARN_BLOCK_CAPTURE_AUTORELEASING = YES;
				CLANG_WARN_BOOL_CONVERSION = YES;
				CLANG_WARN_COMMA = YES;
				CLANG_WARN_CONSTANT_CONVERSION = YES;
				CLANG_WARN_DEPRECATED_OBJC_IMPLEMENTATIONS = YES;
				CLANG_WARN_DIRECT_OBJC_ISA_USAGE = YES_ERROR;
				CLANG_WARN_DOCUMENTATION_COMMENTS = YES;
				CLANG_WARN_EMPTY_BODY = YES;
				CLANG_WARN_ENUM_CONVERSION = YES;
				CLANG_WARN_INFINITE_RECURSION = YES;
				CLANG_WARN_INT_CONVERSION = YES;
				CLANG_WARN_NON_LITERAL_NULL_CONVERSION = YES;
				CLANG_WARN_OBJC_IMPLICIT_RETAIN_SELF = YES;
				CLANG_WARN_OBJC_LITERAL_CONVERSION = YES;
				CLANG_WARN_OBJC_ROOT_CLASS = YES_ERROR;
				CLANG_WARN_QUOTED_INCLUDE_IN_FRAMEWORK_HEADER = YES;
				CLANG_WARN_RANGE_LOOP_ANALYSIS = YES;
				CLANG_WARN_STRICT_PROTOTYPES = YES;
				CLANG_WARN_SUSPICIOUS_MOVE = YES;
				CLANG_WARN_UNGUARDED_AVAILABILITY = YES_AGGRESSIVE;
				CLANG_WARN_UNREACHABLE_CODE = YES;
				CLANG_WARN__DUPLICATE_METHOD_MATCH = YES;
				COPY_PHASE_STRIP = NO;
				CURRENT_PROJECT_VERSION = 1;
				DEBUG_INFORMATION_FORMAT = "dwarf-with-dsym";
				DEFINES_MODULE = NO;
				ENABLE_NS_ASSERTIONS = NO;
				ENABLE_STRICT_OBJC_MSGSEND = YES;
				ENABLE_USER_SCRIPT_SANDBOXING = YES;
				GCC_C_LANGUAGE_STANDARD = gnu11;
				GCC_NO_COMMON_BLOCKS = YES;
				GCC_WARN_64_TO_32_BIT_CONVERSION = YES;
				GCC_WARN_ABOUT_RETURN_TYPE = YES_ERROR;
				GCC_WARN_UNDECLARED_SELECTOR = YES;
				GCC_WARN_UNINITIALIZED_AUTOS = YES_AGGRESSIVE;
				GCC_WARN_UNUSED_FUNCTION = YES;
				GCC_WARN_UNUSED_VARIABLE = YES;
				IPHONEOS_DEPLOYMENT_TARGET = 17.5;
				MTL_ENABLE_DEBUG_INFO = NO;
				MTL_FAST_MATH = YES;
				SDKROOT = iphoneos;
				SWIFT_COMPILATION_MODE = wholemodule;
				SWIFT_OPTIMIZATION_LEVEL = "-O";
				VALIDATE_PRODUCT = YES;
				VERSIONING_SYSTEM = "apple-generic";
				VERSION_INFO_PREFIX = "";
			};
			name = Release;
		};
		398EB5BB2C63BC6B002FC9CA /* Debug */ = {
			isa = XCBuildConfiguration;
			buildSettings = {
				CLANG_ENABLE_MODULES = YES;
				CODE_SIGN_IDENTITY = "";
				CODE_SIGN_STYLE = Automatic;
				CURRENT_PROJECT_VERSION = 1;
				DEFINES_MODULE = YES;
				DEVELOPMENT_TEAM = A8YD7RNP82;
				DYLIB_COMPATIBILITY_VERSION = 1;
				DYLIB_CURRENT_VERSION = 1;
				DYLIB_INSTALL_NAME_BASE = "@rpath";
				ENABLE_MODULE_VERIFIER = YES;
				GENERATE_INFOPLIST_FILE = YES;
				INFOPLIST_FILE = Sign3Intelligence/Info.plist;
				INFOPLIST_KEY_NSHumanReadableCopyright = "";
				INSTALL_PATH = "$(LOCAL_LIBRARY_DIR)/Frameworks";
				IPHONEOS_DEPLOYMENT_TARGET = 13.0;
				LD_RUNPATH_SEARCH_PATHS = (
					"$(inherited)",
					"@executable_path/Frameworks",
					"@loader_path/Frameworks",
				);
				MARKETING_VERSION = 1.0.0;
				MODULEMAP_FILE = "${PROJECT_DIR}/Sign3Intelligence/module.modulemap";
				MODULE_VERIFIER_SUPPORTED_LANGUAGES = "objective-c objective-c++";
				MODULE_VERIFIER_SUPPORTED_LANGUAGE_STANDARDS = "gnu11 gnu++20";
				PRODUCT_BUNDLE_IDENTIFIER = com.sign3.intelligence.sign3Intelligence;
				PRODUCT_NAME = "$(TARGET_NAME:c99extidentifier)";
				SKIP_INSTALL = YES;
				SUPPORTED_PLATFORMS = "iphoneos iphonesimulator";
				SUPPORTS_MACCATALYST = NO;
				SUPPORTS_MAC_DESIGNED_FOR_IPHONE_IPAD = NO;
				SUPPORTS_XR_DESIGNED_FOR_IPHONE_IPAD = NO;
				SWIFT_EMIT_LOC_STRINGS = YES;
				SWIFT_OPTIMIZATION_LEVEL = "-Onone";
				SWIFT_VERSION = 5.0;
				TARGETED_DEVICE_FAMILY = 1;
			};
			name = Debug;
		};
		398EB5BC2C63BC6B002FC9CA /* Release */ = {
			isa = XCBuildConfiguration;
			buildSettings = {
				CLANG_ENABLE_MODULES = YES;
				CODE_SIGN_IDENTITY = "";
				CODE_SIGN_STYLE = Automatic;
				CURRENT_PROJECT_VERSION = 1;
				DEFINES_MODULE = YES;
				DEVELOPMENT_TEAM = A8YD7RNP82;
				DYLIB_COMPATIBILITY_VERSION = 1;
				DYLIB_CURRENT_VERSION = 1;
				DYLIB_INSTALL_NAME_BASE = "@rpath";
				ENABLE_MODULE_VERIFIER = YES;
				GENERATE_INFOPLIST_FILE = YES;
				INFOPLIST_FILE = Sign3Intelligence/Info.plist;
				INFOPLIST_KEY_NSHumanReadableCopyright = "";
				INSTALL_PATH = "$(LOCAL_LIBRARY_DIR)/Frameworks";
				IPHONEOS_DEPLOYMENT_TARGET = 13.0;
				LD_RUNPATH_SEARCH_PATHS = (
					"$(inherited)",
					"@executable_path/Frameworks",
					"@loader_path/Frameworks",
				);
				MARKETING_VERSION = 1.0.0;
				MODULEMAP_FILE = "${PROJECT_DIR}/Sign3Intelligence/module.modulemap";
				MODULE_VERIFIER_SUPPORTED_LANGUAGES = "objective-c objective-c++";
				MODULE_VERIFIER_SUPPORTED_LANGUAGE_STANDARDS = "gnu11 gnu++20";
				PRODUCT_BUNDLE_IDENTIFIER = com.sign3.intelligence.sign3Intelligence;
				PRODUCT_NAME = "$(TARGET_NAME:c99extidentifier)";
				SKIP_INSTALL = YES;
				SUPPORTED_PLATFORMS = "iphoneos iphonesimulator";
				SUPPORTS_MACCATALYST = NO;
				SUPPORTS_MAC_DESIGNED_FOR_IPHONE_IPAD = NO;
				SUPPORTS_XR_DESIGNED_FOR_IPHONE_IPAD = NO;
				SWIFT_EMIT_LOC_STRINGS = YES;
				SWIFT_VERSION = 5.0;
				TARGETED_DEVICE_FAMILY = 1;
			};
			name = Release;
		};
		398EB5BE2C63BC6B002FC9CA /* Debug */ = {
			isa = XCBuildConfiguration;
			buildSettings = {
				CODE_SIGN_STYLE = Automatic;
				CURRENT_PROJECT_VERSION = 1;
				GENERATE_INFOPLIST_FILE = YES;
				MARKETING_VERSION = 1.0;
				PRODUCT_BUNDLE_IDENTIFIER = com.sign3.intelligence.Sign3IntelligenceTests;
				PRODUCT_NAME = "$(TARGET_NAME)";
				SWIFT_EMIT_LOC_STRINGS = NO;
				SWIFT_VERSION = 5.0;
				TARGETED_DEVICE_FAMILY = "1,2";
			};
			name = Debug;
		};
		398EB5BF2C63BC6B002FC9CA /* Release */ = {
			isa = XCBuildConfiguration;
			buildSettings = {
				CODE_SIGN_STYLE = Automatic;
				CURRENT_PROJECT_VERSION = 1;
				GENERATE_INFOPLIST_FILE = YES;
				MARKETING_VERSION = 1.0;
				PRODUCT_BUNDLE_IDENTIFIER = com.sign3.intelligence.Sign3IntelligenceTests;
				PRODUCT_NAME = "$(TARGET_NAME)";
				SWIFT_EMIT_LOC_STRINGS = NO;
				SWIFT_VERSION = 5.0;
				TARGETED_DEVICE_FAMILY = "1,2";
			};
			name = Release;
		};
/* End XCBuildConfiguration section */

/* Begin XCConfigurationList section */
		398EB5A02C63BC6A002FC9CA /* Build configuration list for PBXProject "Sign3Intelligence" */ = {
			isa = XCConfigurationList;
			buildConfigurations = (
				398EB5B82C63BC6B002FC9CA /* Debug */,
				398EB5B92C63BC6B002FC9CA /* Release */,
			);
			defaultConfigurationIsVisible = 0;
			defaultConfigurationName = Release;
		};
		398EB5BA2C63BC6B002FC9CA /* Build configuration list for PBXNativeTarget "Sign3Intelligence" */ = {
			isa = XCConfigurationList;
			buildConfigurations = (
				398EB5BB2C63BC6B002FC9CA /* Debug */,
				398EB5BC2C63BC6B002FC9CA /* Release */,
			);
			defaultConfigurationIsVisible = 0;
			defaultConfigurationName = Release;
		};
		398EB5BD2C63BC6B002FC9CA /* Build configuration list for PBXNativeTarget "Sign3IntelligenceTests" */ = {
			isa = XCConfigurationList;
			buildConfigurations = (
				398EB5BE2C63BC6B002FC9CA /* Debug */,
				398EB5BF2C63BC6B002FC9CA /* Release */,
			);
			defaultConfigurationIsVisible = 0;
			defaultConfigurationName = Release;
		};
/* End XCConfigurationList section */

/* Begin XCRemoteSwiftPackageReference section */
		79EA04A62D26BA5200DF873D /* XCRemoteSwiftPackageReference "mixpanel-swift" */ = {
			isa = XCRemoteSwiftPackageReference;
			repositoryURL = "https://github.com/mixpanel/mixpanel-swift";
			requirement = {
				kind = exactVersion;
				version = 4.3.0;
			};
		};
		79EA04A72D26BB0100DF873D /* XCRemoteSwiftPackageReference "realm-swift" */ = {
			isa = XCRemoteSwiftPackageReference;
			repositoryURL = "https://github.com/realm/realm-swift.git";
			requirement = {
				kind = exactVersion;
				version = 20.0.1;
			};
		};
/* End XCRemoteSwiftPackageReference section */

/* Begin XCSwiftPackageProductDependency section */
		79EA04A92D26C50F00DF873D /* Mixpanel */ = {
			isa = XCSwiftPackageProductDependency;
			package = 79EA04A62D26BA5200DF873D /* XCRemoteSwiftPackageReference "mixpanel-swift" */;
			productName = Mixpanel;
		};
		79EA04AB2D26C58E00DF873D /* RealmSwift */ = {
			isa = XCSwiftPackageProductDependency;
			package = 79EA04A72D26BB0100DF873D /* XCRemoteSwiftPackageReference "realm-swift" */;
			productName = RealmSwift;
		};
/* End XCSwiftPackageProductDependency section */
	};
	rootObject = 398EB59D2C63BC6A002FC9CA /* Project object */;
}
